
Microsoft Visual Studio Solution File, Format Version 12.00
# Visual Studio Version 16
VisualStudioVersion = 16.0.32106.194
MinimumVisualStudioVersion = 10.0.40219.1
Project("{FAE04EC0-301F-11D3-BF4B-00C04F79EFBC}") = "AlgorithmsProblem", "AlgorithmsProblem.csproj", "{B673C6E4-4B4D-4B99-8B99-D1A1C4A2512C}"
EndProject
Global
	GlobalSection(SolutionConfigurationPlatforms) = preSolution
		Debug|Any CPU = Debug|Any CPU
		Release|Any CPU = Release|Any CPU
	EndGlobalSection
	GlobalSection(ProjectConfigurationPlatforms) = postSolution
		{B673C6E4-4B4D-4B99-8B99-D1A1C4A2512C}.Debug|Any CPU.ActiveCfg = Debug|Any CPU
		{B673C6E4-4B4D-4B99-8B99-D1A1C4A2512C}.Debug|Any CPU.Build.0 = Debug|Any CPU
		{B673C6E4-4B4D-4B99-8B99-D1A1C4A2512C}.Release|Any CPU.ActiveCfg = Release|Any CPU
		{B673C6E4-4B4D-4B99-8B99-D1A1C4A2512C}.Release|Any CPU.Build.0 = Release|Any CPU
	EndGlobalSection
	GlobalSection(SolutionProperties) = preSolution
		HideSolutionNode = FALSE
	EndGlobalSection
	GlobalSection(ExtensibilityGlobals) = postSolution
		SolutionGuid = {EA98D2FF-1141-43FE-B6F6-7936BFDD0208}
	EndGlobalSection
EndGlobal
